
Microsoft Visual Studio Solution File, Format Version 12.00
# Visual Studio Version 17
VisualStudioVersion = 17.8.34330.188
MinimumVisualStudioVersion = 10.0.40219.1
Project("{FAE04EC0-301F-11D3-BF4B-00C04F79EFBC}") = "Prueba_OpenCV", "Prueba_OpenCV.csproj", "{0D99F702-2BD6-4ED9-89B1-7B6FE355EFF0}"
EndProject
Global
	GlobalSection(SolutionConfigurationPlatforms) = preSolution
		Debug|Any CPU = Debug|Any CPU
		Release|Any CPU = Release|Any CPU
	EndGlobalSection
	GlobalSection(ProjectConfigurationPlatforms) = postSolution
		{0D99F702-2BD6-4ED9-89B1-7B6FE355EFF0}.Debug|Any CPU.ActiveCfg = Debug|Any CPU
		{0D99F702-2BD6-4ED9-89B1-7B6FE355EFF0}.Debug|Any CPU.Build.0 = Debug|Any CPU
		{0D99F702-2BD6-4ED9-89B1-7B6FE355EFF0}.Release|Any CPU.ActiveCfg = Release|Any CPU
		{0D99F702-2BD6-4ED9-89B1-7B6FE355EFF0}.Release|Any CPU.Build.0 = Release|Any CPU
	EndGlobalSection
	GlobalSection(SolutionProperties) = preSolution
		HideSolutionNode = FALSE
	EndGlobalSection
	GlobalSection(ExtensibilityGlobals) = postSolution
		SolutionGuid = {D2C29D52-0960-4891-9D9A-D1EAF237318D}
	EndGlobalSection
EndGlobal
